
Microsoft Visual Studio Solution File, Format Version 11.00
# Visual Studio 2010
Project("{F184B08F-C81C-45F6-A57F-5ABD9991F28F}") = "Azteca.Ventas", "Business\Azteca.Ventas\Azteca.Ventas.vbproj", "{E0EEADE3-DCD4-494A-BAE0-061E925E5FA6}"
EndProject
Project("{F184B08F-C81C-45F6-A57F-5ABD9991F28F}") = "Azteca.VentasWin", "Windows\Azteca.VentasWin\Azteca.VentasWin.vbproj", "{3FD8D595-BD1E-4B0D-9309-D82E74A29B6F}"
EndProject
Project("{F184B08F-C81C-45F6-A57F-5ABD9991F28F}") = "BackOffice", "Windows\BackOffice\BackOffice.vbproj", "{B02E0F94-62A3-4923-A9D7-204B72F76584}"
EndProject
Project("{F184B08F-C81C-45F6-A57F-5ABD9991F28F}") = "Azteca.Inventario", "Business\Azteca.Inventario\Azteca.Inventario.vbproj", "{087998EE-E2BD-4E50-9BA0-C05685376605}"
EndProject
Project("{F184B08F-C81C-45F6-A57F-5ABD9991F28F}") = "Azteca.Contabilidad", "Business\Azteca.Contabilidad\Azteca.Contabilidad.vbproj", "{75ED1D01-3442-4B05-AD47-97B6F110F26C}"
EndProject
Project("{F184B08F-C81C-45F6-A57F-5ABD9991F28F}") = "Azteca.ContabilidadWin", "Windows\Azteca.ContabilidadWin\Azteca.ContabilidadWin.vbproj", "{37569F66-589D-4F78-B58D-03FA24F41DCA}"
EndProject
Project("{F184B08F-C81C-45F6-A57F-5ABD9991F28F}") = "Azteca.InventarioWin", "Windows\Azteca.InventarioWin\Azteca.InventarioWin.vbproj", "{1617300B-E0EF-4D64-B98A-0CD5CB9C3B4B}"
EndProject
Project("{F184B08F-C81C-45F6-A57F-5ABD9991F28F}") = "PixkuaServer", "Windows\PixkuaServer\PixkuaServer.vbproj", "{5990D4A1-19A7-49D9-B967-140A08E5710F}"
EndProject
Project("{54435603-DBB4-11D2-8724-00A0C9A8B90C}") = "PixkuaServerSetup", "Setup\PixkuaServerSetup\PixkuaServerSetup.vdproj", "{11C56AA0-C7CA-4583-B377-CB649EF66C4B}"
EndProject
Project("{F184B08F-C81C-45F6-A57F-5ABD9991F28F}") = "Azteca.Compras", "Business\Azteca.Compras\Azteca.Compras.vbproj", "{8C6F3791-CBB7-44E7-8C3B-8E1495F1EC8F}"
EndProject
Project("{F184B08F-C81C-45F6-A57F-5ABD9991F28F}") = "Azteca.ComprasWin", "Windows\Azteca.ComprasWin\Azteca.ComprasWin.vbproj", "{ED4AF569-0A61-4A25-87B8-CBBC73AF4B26}"
EndProject
Project("{E24C65DC-7377-472B-9ABA-BC803B73C61A}") = "Proveedores", "Web\Proveedores\", "{176B64F9-F65F-4043-B29D-2A10459E62C5}"
	ProjectSection(WebsiteProperties) = preProject
		SccProjectName = ""
		SccAuxPath = ""
		SccLocalPath = ""
		SccProvider = ""
		TargetFrameworkMoniker = ".NETFramework,Version%3Dv4.0"
		ProjectReferences = "{8C6F3791-CBB7-44E7-8C3B-8E1495F1EC8F}|Azteca.Compras.dll;{75ED1D01-3442-4B05-AD47-97B6F110F26C}|Azteca.Contabilidad.dll;{087998EE-E2BD-4E50-9BA0-C05685376605}|Azteca.Inventario.dll;{E89F3B47-B01B-48A1-B15F-22D52D5E02BE}|Azteca.RH.dll;{458FE4D1-5894-48BB-B992-80E684ADE93D}|Azteca.Tesoreria.dll;"
		Debug.AspNetCompiler.VirtualPath = "/Proveedores"
		Debug.AspNetCompiler.PhysicalPath = "Web\Proveedores\"
		Debug.AspNetCompiler.TargetPath = "PrecompiledWeb\Proveedores\"
		Debug.AspNetCompiler.Updateable = "true"
		Debug.AspNetCompiler.ForceOverwrite = "true"
		Debug.AspNetCompiler.FixedNames = "false"
		Debug.AspNetCompiler.Debug = "True"
		Release.AspNetCompiler.VirtualPath = "/Proveedores"
		Release.AspNetCompiler.PhysicalPath = "Web\Proveedores\"
		Release.AspNetCompiler.TargetPath = "PrecompiledWeb\Proveedores\"
		Release.AspNetCompiler.Updateable = "true"
		Release.AspNetCompiler.ForceOverwrite = "true"
		Release.AspNetCompiler.FixedNames = "false"
		Release.AspNetCompiler.Debug = "False"
		VWDPort = "12643"
		DefaultWebSiteLanguage = "Visual Basic"
	EndProjectSection
EndProject
Project("{F184B08F-C81C-45F6-A57F-5ABD9991F28F}") = "POSRetail", "Windows\POSRetail\POSRetail.vbproj", "{276B2019-A677-4CAC-B86B-A65E23530F19}"
EndProject
Project("{F184B08F-C81C-45F6-A57F-5ABD9991F28F}") = "POSRestaurant", "Windows\POSRestaurant\POSRestaurant.vbproj", "{915C2FD5-F044-4AE9-BBD1-8AEDEC9462AF}"
EndProject
Project("{F184B08F-C81C-45F6-A57F-5ABD9991F28F}") = "Azteca.Restaurante", "Business\Azteca.Restaurante\Azteca.Restaurante.vbproj", "{3374FCE4-CAE8-47B3-AEB7-78CBB1612DA6}"
EndProject
Project("{F184B08F-C81C-45F6-A57F-5ABD9991F28F}") = "Azteca.RestauranteWin", "Windows\Azteca.RestauranteWin\Azteca.RestauranteWin.vbproj", "{68E27671-A7E0-4528-BB39-36790BDF345C}"
EndProject
Project("{F184B08F-C81C-45F6-A57F-5ABD9991F28F}") = "Azteca.Produccion", "Business\Azteca.Produccion\Azteca.Produccion.vbproj", "{99DB08AE-EED9-476C-8E2C-F97108ECEF39}"
EndProject
Project("{F184B08F-C81C-45F6-A57F-5ABD9991F28F}") = "Azteca.ProduccionWin", "Windows\Azteca.ProduccionWin\Azteca.ProduccionWin.vbproj", "{EB1C9041-5BC0-4728-B9BD-996E740ADC48}"
EndProject
Project("{54435603-DBB4-11D2-8724-00A0C9A8B90C}") = "PixkuaSetup", "Setup\PixkuaSetup\PixkuaSetup.vdproj", "{D9FB427A-A567-4ED0-B519-482FEF57704D}"
EndProject
Project("{F184B08F-C81C-45F6-A57F-5ABD9991F28F}") = "PixkuaInstaller", "Setup\PixkuaInstaller\PixkuaInstaller.vbproj", "{D32A2A7B-58D1-4A25-A8D9-F2C4CD0418D9}"
EndProject
Project("{54435603-DBB4-11D2-8724-00A0C9A8B90C}") = "PixkuaClientSetup", "Setup\PixkuaClientSetup\PixkuaClientSetup.vdproj", "{6C6E1D62-EDC9-467D-8FC6-3B8A25E3356C}"
EndProject
Project("{F184B08F-C81C-45F6-A57F-5ABD9991F28F}") = "Azteca.GeneralWin", "Windows\Azteca.GeneralWin\Azteca.GeneralWin.vbproj", "{A76BD560-BB99-4FA9-BBD2-33633F550704}"
EndProject
Project("{F184B08F-C81C-45F6-A57F-5ABD9991F28F}") = "Azteca.RH", "Business\Azteca.RH\Azteca.RH.vbproj", "{E89F3B47-B01B-48A1-B15F-22D52D5E02BE}"
EndProject
Project("{F184B08F-C81C-45F6-A57F-5ABD9991F28F}") = "Azteca.RHWin", "Windows\Azteca.RHWin\Azteca.RHWin.vbproj", "{FA2AC258-5543-4E7E-BEF9-C7C6CB86BA6A}"
EndProject
Project("{F184B08F-C81C-45F6-A57F-5ABD9991F28F}") = "Azteca.Tesoreria", "Business\Azteca.Tesoreria\Azteca.Tesoreria.vbproj", "{458FE4D1-5894-48BB-B992-80E684ADE93D}"
EndProject
Project("{F184B08F-C81C-45F6-A57F-5ABD9991F28F}") = "Azteca.TesoreriaWin", "Windows\Azteca.TesoreriaWin\Azteca.TesoreriaWin.vbproj", "{2FBC1F7A-530C-4288-9841-E4211FCDBC05}"
EndProject
Project("{F184B08F-C81C-45F6-A57F-5ABD9991F28F}") = "PixkuaInvoice", "Windows\PixkuaInvoice\PixkuaInvoice.vbproj", "{87B5A195-5E31-4B87-8F77-0C86BDAEA766}"
EndProject
Project("{F184B08F-C81C-45F6-A57F-5ABD9991F28F}") = "PixkuaInvoiceInstaller", "Setup\PixkuaInvoiceInstaller\PixkuaInvoiceInstaller.vbproj", "{C4CC8CDB-F72B-468B-8816-686CFF0970A4}"
EndProject
Project("{54435603-DBB4-11D2-8724-00A0C9A8B90C}") = "PixkuaInvoiceSetup", "Setup\PixkuaInvoiceSetup\PixkuaInvoiceSetup.vdproj", "{DD19E3FC-8EBE-4FE7-8CE8-87C0E6B38CE0}"
EndProject
Project("{54435603-DBB4-11D2-8724-00A0C9A8B90C}") = "PixkuaInvoiceSetup_x64", "Setup\PixkuaInvoiceSetup_x64\PixkuaInvoiceSetup_x64.vdproj", "{A2A8650A-29D0-4432-928C-CC92D947A22F}"
EndProject
Project("{F184B08F-C81C-45F6-A57F-5ABD9991F28F}") = "PixkuaInvoiceWeb", "Web\PixkuaInvoiceWeb\PixkuaInvoiceWeb.vbproj", "{65DF5C0A-73A0-4F0B-A932-5BF8FADBC6A2}"
EndProject
Project("{F184B08F-C81C-45F6-A57F-5ABD9991F28F}") = "MedicalWeb", "Web\MedicalWeb\MedicalWeb.vbproj", "{988B4DE7-7860-436C-B869-E63789FC9367}"
EndProject
Project("{F184B08F-C81C-45F6-A57F-5ABD9991F28F}") = "Azteca.Medicina", "Business\Azteca.Medicina\Azteca.Medicina.vbproj", "{7AA4AE5E-61FE-4F26-A913-3CBCBCCF0C98}"
EndProject
Project("{F184B08F-C81C-45F6-A57F-5ABD9991F28F}") = "Azteca.MedicinaWin", "Windows\Azteca.MedicinaWin\Azteca.MedicinaWin.vbproj", "{9C7B6566-1418-4D5C-B61E-1B78166FD211}"
EndProject
Project("{F184B08F-C81C-45F6-A57F-5ABD9991F28F}") = "Azteca.Iglesia", "Business\Azteca.Iglesia\Azteca.Iglesia.vbproj", "{09C6E812-8155-43B1-BADE-67ED2033156D}"
EndProject
Project("{F184B08F-C81C-45F6-A57F-5ABD9991F28F}") = "Azteca.IglesiaWin", "Windows\Azteca.IglesiaWin\Azteca.IglesiaWin.vbproj", "{289CB340-E22A-4E03-83A9-DCF50CE977CA}"
EndProject
Project("{F184B08F-C81C-45F6-A57F-5ABD9991F28F}") = "Test", "Test\Test.vbproj", "{67714310-98CB-41A3-9EE6-A59890AE9DAD}"
EndProject
Project("{F184B08F-C81C-45F6-A57F-5ABD9991F28F}") = "Azteca.Urrea", "Azteca.Urrea\Azteca.Urrea.vbproj", "{48857044-DD2F-4CA5-807A-B0FD30A987B6}"
EndProject
Project("{F184B08F-C81C-45F6-A57F-5ABD9991F28F}") = "Azteca.UrreaWin", "Azteca.UrreaWin\Azteca.UrreaWin.vbproj", "{A64C66D3-2130-49A4-BBC4-1F7F08B9FD4F}"
EndProject
Global
	GlobalSection(SolutionConfigurationPlatforms) = preSolution
		Debug|Any CPU = Debug|Any CPU
		Debug|Mixed Platforms = Debug|Mixed Platforms
		Debug|x64 = Debug|x64
		Debug|x86 = Debug|x86
		Release|Any CPU = Release|Any CPU
		Release|Mixed Platforms = Release|Mixed Platforms
		Release|x64 = Release|x64
		Release|x86 = Release|x86
	EndGlobalSection
	GlobalSection(ProjectConfigurationPlatforms) = postSolution
		{E0EEADE3-DCD4-494A-BAE0-061E925E5FA6}.Debug|Any CPU.ActiveCfg = Debug|Any CPU
		{E0EEADE3-DCD4-494A-BAE0-061E925E5FA6}.Debug|Any CPU.Build.0 = Debug|Any CPU
		{E0EEADE3-DCD4-494A-BAE0-061E925E5FA6}.Debug|Mixed Platforms.ActiveCfg = Debug|Any CPU
		{E0EEADE3-DCD4-494A-BAE0-061E925E5FA6}.Debug|Mixed Platforms.Build.0 = Debug|Any CPU
		{E0EEADE3-DCD4-494A-BAE0-061E925E5FA6}.Debug|x64.ActiveCfg = Debug|x64
		{E0EEADE3-DCD4-494A-BAE0-061E925E5FA6}.Debug|x64.Build.0 = Debug|x64
		{E0EEADE3-DCD4-494A-BAE0-061E925E5FA6}.Debug|x86.ActiveCfg = Debug|x86
		{E0EEADE3-DCD4-494A-BAE0-061E925E5FA6}.Debug|x86.Build.0 = Debug|x86
		{E0EEADE3-DCD4-494A-BAE0-061E925E5FA6}.Release|Any CPU.ActiveCfg = Release|Any CPU
		{E0EEADE3-DCD4-494A-BAE0-061E925E5FA6}.Release|Any CPU.Build.0 = Release|Any CPU
		{E0EEADE3-DCD4-494A-BAE0-061E925E5FA6}.Release|Mixed Platforms.ActiveCfg = Release|x64
		{E0EEADE3-DCD4-494A-BAE0-061E925E5FA6}.Release|Mixed Platforms.Build.0 = Release|x64
		{E0EEADE3-DCD4-494A-BAE0-061E925E5FA6}.Release|x64.ActiveCfg = Release|Any CPU
		{E0EEADE3-DCD4-494A-BAE0-061E925E5FA6}.Release|x86.ActiveCfg = Release|Any CPU
		{3FD8D595-BD1E-4B0D-9309-D82E74A29B6F}.Debug|Any CPU.ActiveCfg = Debug|Any CPU
		{3FD8D595-BD1E-4B0D-9309-D82E74A29B6F}.Debug|Any CPU.Build.0 = Debug|Any CPU
		{3FD8D595-BD1E-4B0D-9309-D82E74A29B6F}.Debug|Mixed Platforms.ActiveCfg = Debug|Any CPU
		{3FD8D595-BD1E-4B0D-9309-D82E74A29B6F}.Debug|Mixed Platforms.Build.0 = Debug|Any CPU
		{3FD8D595-BD1E-4B0D-9309-D82E74A29B6F}.Debug|x64.ActiveCfg = Debug|x64
		{3FD8D595-BD1E-4B0D-9309-D82E74A29B6F}.Debug|x64.Build.0 = Debug|x64
		{3FD8D595-BD1E-4B0D-9309-D82E74A29B6F}.Debug|x86.ActiveCfg = Debug|x86
		{3FD8D595-BD1E-4B0D-9309-D82E74A29B6F}.Debug|x86.Build.0 = Debug|x86
		{3FD8D595-BD1E-4B0D-9309-D82E74A29B6F}.Release|Any CPU.ActiveCfg = Release|Any CPU
		{3FD8D595-BD1E-4B0D-9309-D82E74A29B6F}.Release|Any CPU.Build.0 = Release|Any CPU
		{3FD8D595-BD1E-4B0D-9309-D82E74A29B6F}.Release|Mixed Platforms.ActiveCfg = Release|x64
		{3FD8D595-BD1E-4B0D-9309-D82E74A29B6F}.Release|Mixed Platforms.Build.0 = Release|x64
		{3FD8D595-BD1E-4B0D-9309-D82E74A29B6F}.Release|x64.ActiveCfg = Release|Any CPU
		{3FD8D595-BD1E-4B0D-9309-D82E74A29B6F}.Release|x86.ActiveCfg = Release|Any CPU
		{B02E0F94-62A3-4923-A9D7-204B72F76584}.Debug|Any CPU.ActiveCfg = Debug|Any CPU
		{B02E0F94-62A3-4923-A9D7-204B72F76584}.Debug|Any CPU.Build.0 = Debug|Any CPU
		{B02E0F94-62A3-4923-A9D7-204B72F76584}.Debug|Mixed Platforms.ActiveCfg = Debug|Any CPU
		{B02E0F94-62A3-4923-A9D7-204B72F76584}.Debug|Mixed Platforms.Build.0 = Debug|Any CPU
		{B02E0F94-62A3-4923-A9D7-204B72F76584}.Debug|x64.ActiveCfg = Debug|x64
		{B02E0F94-62A3-4923-A9D7-204B72F76584}.Debug|x64.Build.0 = Debug|x64
		{B02E0F94-62A3-4923-A9D7-204B72F76584}.Debug|x86.ActiveCfg = Debug|x86
		{B02E0F94-62A3-4923-A9D7-204B72F76584}.Debug|x86.Build.0 = Debug|x86
		{B02E0F94-62A3-4923-A9D7-204B72F76584}.Release|Any CPU.ActiveCfg = Release|Any CPU
		{B02E0F94-62A3-4923-A9D7-204B72F76584}.Release|Any CPU.Build.0 = Release|Any CPU
		{B02E0F94-62A3-4923-A9D7-204B72F76584}.Release|Mixed Platforms.ActiveCfg = Release|x64
		{B02E0F94-62A3-4923-A9D7-204B72F76584}.Release|Mixed Platforms.Build.0 = Release|x64
		{B02E0F94-62A3-4923-A9D7-204B72F76584}.Release|x64.ActiveCfg = Release|Any CPU
		{B02E0F94-62A3-4923-A9D7-204B72F76584}.Release|x86.ActiveCfg = Release|Any CPU
		{087998EE-E2BD-4E50-9BA0-C05685376605}.Debug|Any CPU.ActiveCfg = Debug|Any CPU
		{087998EE-E2BD-4E50-9BA0-C05685376605}.Debug|Any CPU.Build.0 = Debug|Any CPU
		{087998EE-E2BD-4E50-9BA0-C05685376605}.Debug|Mixed Platforms.ActiveCfg = Debug|Any CPU
		{087998EE-E2BD-4E50-9BA0-C05685376605}.Debug|Mixed Platforms.Build.0 = Debug|Any CPU
		{087998EE-E2BD-4E50-9BA0-C05685376605}.Debug|x64.ActiveCfg = Debug|x64
		{087998EE-E2BD-4E50-9BA0-C05685376605}.Debug|x64.Build.0 = Debug|x64
		{087998EE-E2BD-4E50-9BA0-C05685376605}.Debug|x86.ActiveCfg = Debug|x86
		{087998EE-E2BD-4E50-9BA0-C05685376605}.Debug|x86.Build.0 = Debug|x86
		{087998EE-E2BD-4E50-9BA0-C05685376605}.Release|Any CPU.ActiveCfg = Release|Any CPU
		{087998EE-E2BD-4E50-9BA0-C05685376605}.Release|Any CPU.Build.0 = Release|Any CPU
		{087998EE-E2BD-4E50-9BA0-C05685376605}.Release|Mixed Platforms.ActiveCfg = Release|x64
		{087998EE-E2BD-4E50-9BA0-C05685376605}.Release|Mixed Platforms.Build.0 = Release|x64
		{087998EE-E2BD-4E50-9BA0-C05685376605}.Release|x64.ActiveCfg = Release|Any CPU
		{087998EE-E2BD-4E50-9BA0-C05685376605}.Release|x86.ActiveCfg = Release|Any CPU
		{75ED1D01-3442-4B05-AD47-97B6F110F26C}.Debug|Any CPU.ActiveCfg = Debug|Any CPU
		{75ED1D01-3442-4B05-AD47-97B6F110F26C}.Debug|Any CPU.Build.0 = Debug|Any CPU
		{75ED1D01-3442-4B05-AD47-97B6F110F26C}.Debug|Mixed Platforms.ActiveCfg = Debug|Any CPU
		{75ED1D01-3442-4B05-AD47-97B6F110F26C}.Debug|Mixed Platforms.Build.0 = Debug|Any CPU
		{75ED1D01-3442-4B05-AD47-97B6F110F26C}.Debug|x64.ActiveCfg = Debug|x64
		{75ED1D01-3442-4B05-AD47-97B6F110F26C}.Debug|x64.Build.0 = Debug|x64
		{75ED1D01-3442-4B05-AD47-97B6F110F26C}.Debug|x86.ActiveCfg = Debug|x86
		{75ED1D01-3442-4B05-AD47-97B6F110F26C}.Debug|x86.Build.0 = Debug|x86
		{75ED1D01-3442-4B05-AD47-97B6F110F26C}.Release|Any CPU.ActiveCfg = Release|Any CPU
		{75ED1D01-3442-4B05-AD47-97B6F110F26C}.Release|Any CPU.Build.0 = Release|Any CPU
		{75ED1D01-3442-4B05-AD47-97B6F110F26C}.Release|Mixed Platforms.ActiveCfg = Release|x64
		{75ED1D01-3442-4B05-AD47-97B6F110F26C}.Release|Mixed Platforms.Build.0 = Release|x64
		{75ED1D01-3442-4B05-AD47-97B6F110F26C}.Release|x64.ActiveCfg = Release|Any CPU
		{75ED1D01-3442-4B05-AD47-97B6F110F26C}.Release|x86.ActiveCfg = Release|Any CPU
		{37569F66-589D-4F78-B58D-03FA24F41DCA}.Debug|Any CPU.ActiveCfg = Debug|Any CPU
		{37569F66-589D-4F78-B58D-03FA24F41DCA}.Debug|Any CPU.Build.0 = Debug|Any CPU
		{37569F66-589D-4F78-B58D-03FA24F41DCA}.Debug|Mixed Platforms.ActiveCfg = Debug|Any CPU
		{37569F66-589D-4F78-B58D-03FA24F41DCA}.Debug|Mixed Platforms.Build.0 = Debug|Any CPU
		{37569F66-589D-4F78-B58D-03FA24F41DCA}.Debug|x64.ActiveCfg = Debug|x64
		{37569F66-589D-4F78-B58D-03FA24F41DCA}.Debug|x64.Build.0 = Debug|x64
		{37569F66-589D-4F78-B58D-03FA24F41DCA}.Debug|x86.ActiveCfg = Debug|x86
		{37569F66-589D-4F78-B58D-03FA24F41DCA}.Debug|x86.Build.0 = Debug|x86
		{37569F66-589D-4F78-B58D-03FA24F41DCA}.Release|Any CPU.ActiveCfg = Release|Any CPU
		{37569F66-589D-4F78-B58D-03FA24F41DCA}.Release|Any CPU.Build.0 = Release|Any CPU
		{37569F66-589D-4F78-B58D-03FA24F41DCA}.Release|Mixed Platforms.ActiveCfg = Release|x64
		{37569F66-589D-4F78-B58D-03FA24F41DCA}.Release|Mixed Platforms.Build.0 = Release|x64
		{37569F66-589D-4F78-B58D-03FA24F41DCA}.Release|x64.ActiveCfg = Release|Any CPU
		{37569F66-589D-4F78-B58D-03FA24F41DCA}.Release|x86.ActiveCfg = Release|Any CPU
		{1617300B-E0EF-4D64-B98A-0CD5CB9C3B4B}.Debug|Any CPU.ActiveCfg = Debug|Any CPU
		{1617300B-E0EF-4D64-B98A-0CD5CB9C3B4B}.Debug|Any CPU.Build.0 = Debug|Any CPU
		{1617300B-E0EF-4D64-B98A-0CD5CB9C3B4B}.Debug|Mixed Platforms.ActiveCfg = Debug|Any CPU
		{1617300B-E0EF-4D64-B98A-0CD5CB9C3B4B}.Debug|Mixed Platforms.Build.0 = Debug|Any CPU
		{1617300B-E0EF-4D64-B98A-0CD5CB9C3B4B}.Debug|x64.ActiveCfg = Debug|x64
		{1617300B-E0EF-4D64-B98A-0CD5CB9C3B4B}.Debug|x64.Build.0 = Debug|x64
		{1617300B-E0EF-4D64-B98A-0CD5CB9C3B4B}.Debug|x86.ActiveCfg = Debug|x86
		{1617300B-E0EF-4D64-B98A-0CD5CB9C3B4B}.Debug|x86.Build.0 = Debug|x86
		{1617300B-E0EF-4D64-B98A-0CD5CB9C3B4B}.Release|Any CPU.ActiveCfg = Release|Any CPU
		{1617300B-E0EF-4D64-B98A-0CD5CB9C3B4B}.Release|Any CPU.Build.0 = Release|Any CPU
		{1617300B-E0EF-4D64-B98A-0CD5CB9C3B4B}.Release|Mixed Platforms.ActiveCfg = Release|x64
		{1617300B-E0EF-4D64-B98A-0CD5CB9C3B4B}.Release|Mixed Platforms.Build.0 = Release|x64
		{1617300B-E0EF-4D64-B98A-0CD5CB9C3B4B}.Release|x64.ActiveCfg = Release|Any CPU
		{1617300B-E0EF-4D64-B98A-0CD5CB9C3B4B}.Release|x86.ActiveCfg = Release|Any CPU
		{5990D4A1-19A7-49D9-B967-140A08E5710F}.Debug|Any CPU.ActiveCfg = Debug|Any CPU
		{5990D4A1-19A7-49D9-B967-140A08E5710F}.Debug|Any CPU.Build.0 = Debug|Any CPU
		{5990D4A1-19A7-49D9-B967-140A08E5710F}.Debug|Mixed Platforms.ActiveCfg = Debug|Any CPU
		{5990D4A1-19A7-49D9-B967-140A08E5710F}.Debug|x64.ActiveCfg = Debug|x64
		{5990D4A1-19A7-49D9-B967-140A08E5710F}.Debug|x64.Build.0 = Debug|x64
		{5990D4A1-19A7-49D9-B967-140A08E5710F}.Debug|x86.ActiveCfg = Debug|x86
		{5990D4A1-19A7-49D9-B967-140A08E5710F}.Debug|x86.Build.0 = Debug|x86
		{5990D4A1-19A7-49D9-B967-140A08E5710F}.Release|Any CPU.ActiveCfg = Release|Any CPU
		{5990D4A1-19A7-49D9-B967-140A08E5710F}.Release|Any CPU.Build.0 = Release|Any CPU
		{5990D4A1-19A7-49D9-B967-140A08E5710F}.Release|Mixed Platforms.ActiveCfg = Release|x64
		{5990D4A1-19A7-49D9-B967-140A08E5710F}.Release|Mixed Platforms.Build.0 = Release|x64
		{5990D4A1-19A7-49D9-B967-140A08E5710F}.Release|x64.ActiveCfg = Release|x86
		{5990D4A1-19A7-49D9-B967-140A08E5710F}.Release|x64.Build.0 = Release|x86
		{5990D4A1-19A7-49D9-B967-140A08E5710F}.Release|x86.ActiveCfg = Release|x86
		{5990D4A1-19A7-49D9-B967-140A08E5710F}.Release|x86.Build.0 = Release|x86
		{11C56AA0-C7CA-4583-B377-CB649EF66C4B}.Debug|Any CPU.ActiveCfg = Debug
		{11C56AA0-C7CA-4583-B377-CB649EF66C4B}.Debug|Mixed Platforms.ActiveCfg = Debug
		{11C56AA0-C7CA-4583-B377-CB649EF66C4B}.Debug|x64.ActiveCfg = Debug
		{11C56AA0-C7CA-4583-B377-CB649EF66C4B}.Debug|x86.ActiveCfg = Debug
		{11C56AA0-C7CA-4583-B377-CB649EF66C4B}.Release|Any CPU.ActiveCfg = Release
		{11C56AA0-C7CA-4583-B377-CB649EF66C4B}.Release|Any CPU.Build.0 = Release
		{11C56AA0-C7CA-4583-B377-CB649EF66C4B}.Release|Mixed Platforms.ActiveCfg = Release
		{11C56AA0-C7CA-4583-B377-CB649EF66C4B}.Release|Mixed Platforms.Build.0 = Release
		{11C56AA0-C7CA-4583-B377-CB649EF66C4B}.Release|x64.ActiveCfg = Release
		{11C56AA0-C7CA-4583-B377-CB649EF66C4B}.Release|x86.ActiveCfg = Release
		{8C6F3791-CBB7-44E7-8C3B-8E1495F1EC8F}.Debug|Any CPU.ActiveCfg = Debug|Any CPU
		{8C6F3791-CBB7-44E7-8C3B-8E1495F1EC8F}.Debug|Any CPU.Build.0 = Debug|Any CPU
		{8C6F3791-CBB7-44E7-8C3B-8E1495F1EC8F}.Debug|Mixed Platforms.ActiveCfg = Debug|Any CPU
		{8C6F3791-CBB7-44E7-8C3B-8E1495F1EC8F}.Debug|Mixed Platforms.Build.0 = Debug|Any CPU
		{8C6F3791-CBB7-44E7-8C3B-8E1495F1EC8F}.Debug|x64.ActiveCfg = Debug|x64
		{8C6F3791-CBB7-44E7-8C3B-8E1495F1EC8F}.Debug|x64.Build.0 = Debug|x64
		{8C6F3791-CBB7-44E7-8C3B-8E1495F1EC8F}.Debug|x86.ActiveCfg = Debug|x86
		{8C6F3791-CBB7-44E7-8C3B-8E1495F1EC8F}.Debug|x86.Build.0 = Debug|x86
		{8C6F3791-CBB7-44E7-8C3B-8E1495F1EC8F}.Release|Any CPU.ActiveCfg = Release|Any CPU
		{8C6F3791-CBB7-44E7-8C3B-8E1495F1EC8F}.Release|Any CPU.Build.0 = Release|Any CPU
		{8C6F3791-CBB7-44E7-8C3B-8E1495F1EC8F}.Release|Mixed Platforms.ActiveCfg = Release|x64
		{8C6F3791-CBB7-44E7-8C3B-8E1495F1EC8F}.Release|Mixed Platforms.Build.0 = Release|x64
		{8C6F3791-CBB7-44E7-8C3B-8E1495F1EC8F}.Release|x64.ActiveCfg = Release|Any CPU
		{8C6F3791-CBB7-44E7-8C3B-8E1495F1EC8F}.Release|x86.ActiveCfg = Release|Any CPU
		{ED4AF569-0A61-4A25-87B8-CBBC73AF4B26}.Debug|Any CPU.ActiveCfg = Debug|Any CPU
		{ED4AF569-0A61-4A25-87B8-CBBC73AF4B26}.Debug|Any CPU.Build.0 = Debug|Any CPU
		{ED4AF569-0A61-4A25-87B8-CBBC73AF4B26}.Debug|Mixed Platforms.ActiveCfg = Debug|Any CPU
		{ED4AF569-0A61-4A25-87B8-CBBC73AF4B26}.Debug|Mixed Platforms.Build.0 = Debug|Any CPU
		{ED4AF569-0A61-4A25-87B8-CBBC73AF4B26}.Debug|x64.ActiveCfg = Debug|x64
		{ED4AF569-0A61-4A25-87B8-CBBC73AF4B26}.Debug|x64.Build.0 = Debug|x64
		{ED4AF569-0A61-4A25-87B8-CBBC73AF4B26}.Debug|x86.ActiveCfg = Debug|x86
		{ED4AF569-0A61-4A25-87B8-CBBC73AF4B26}.Debug|x86.Build.0 = Debug|x86
		{ED4AF569-0A61-4A25-87B8-CBBC73AF4B26}.Release|Any CPU.ActiveCfg = Release|Any CPU
		{ED4AF569-0A61-4A25-87B8-CBBC73AF4B26}.Release|Any CPU.Build.0 = Release|Any CPU
		{ED4AF569-0A61-4A25-87B8-CBBC73AF4B26}.Release|Mixed Platforms.ActiveCfg = Release|x64
		{ED4AF569-0A61-4A25-87B8-CBBC73AF4B26}.Release|Mixed Platforms.Build.0 = Release|x64
		{ED4AF569-0A61-4A25-87B8-CBBC73AF4B26}.Release|x64.ActiveCfg = Release|Any CPU
		{ED4AF569-0A61-4A25-87B8-CBBC73AF4B26}.Release|x86.ActiveCfg = Release|Any CPU
		{176B64F9-F65F-4043-B29D-2A10459E62C5}.Debug|Any CPU.ActiveCfg = Debug|Any CPU
		{176B64F9-F65F-4043-B29D-2A10459E62C5}.Debug|Mixed Platforms.ActiveCfg = Debug|Any CPU
		{176B64F9-F65F-4043-B29D-2A10459E62C5}.Debug|x64.ActiveCfg = Debug|Any CPU
		{176B64F9-F65F-4043-B29D-2A10459E62C5}.Debug|x86.ActiveCfg = Debug|Any CPU
		{176B64F9-F65F-4043-B29D-2A10459E62C5}.Release|Any CPU.ActiveCfg = Debug|Any CPU
		{176B64F9-F65F-4043-B29D-2A10459E62C5}.Release|Any CPU.Build.0 = Debug|Any CPU
		{176B64F9-F65F-4043-B29D-2A10459E62C5}.Release|Mixed Platforms.ActiveCfg = Debug|Any CPU
		{176B64F9-F65F-4043-B29D-2A10459E62C5}.Release|Mixed Platforms.Build.0 = Debug|Any CPU
		{176B64F9-F65F-4043-B29D-2A10459E62C5}.Release|x64.ActiveCfg = Debug|Any CPU
		{176B64F9-F65F-4043-B29D-2A10459E62C5}.Release|x86.ActiveCfg = Debug|Any CPU
		{276B2019-A677-4CAC-B86B-A65E23530F19}.Debug|Any CPU.ActiveCfg = Debug|Any CPU
		{276B2019-A677-4CAC-B86B-A65E23530F19}.Debug|Any CPU.Build.0 = Debug|Any CPU
		{276B2019-A677-4CAC-B86B-A65E23530F19}.Debug|Mixed Platforms.ActiveCfg = Debug|Any CPU
		{276B2019-A677-4CAC-B86B-A65E23530F19}.Debug|Mixed Platforms.Build.0 = Debug|Any CPU
		{276B2019-A677-4CAC-B86B-A65E23530F19}.Debug|x64.ActiveCfg = Debug|x64
		{276B2019-A677-4CAC-B86B-A65E23530F19}.Debug|x86.ActiveCfg = Debug|x86
		{276B2019-A677-4CAC-B86B-A65E23530F19}.Debug|x86.Build.0 = Debug|x86
		{276B2019-A677-4CAC-B86B-A65E23530F19}.Release|Any CPU.ActiveCfg = Release|x64
		{276B2019-A677-4CAC-B86B-A65E23530F19}.Release|Mixed Platforms.ActiveCfg = Release|Any CPU
		{276B2019-A677-4CAC-B86B-A65E23530F19}.Release|Mixed Platforms.Build.0 = Release|Any CPU
		{276B2019-A677-4CAC-B86B-A65E23530F19}.Release|x64.ActiveCfg = Release|x86
		{276B2019-A677-4CAC-B86B-A65E23530F19}.Release|x64.Build.0 = Release|x86
		{276B2019-A677-4CAC-B86B-A65E23530F19}.Release|x86.ActiveCfg = Release|x86
		{276B2019-A677-4CAC-B86B-A65E23530F19}.Release|x86.Build.0 = Release|x86
		{915C2FD5-F044-4AE9-BBD1-8AEDEC9462AF}.Debug|Any CPU.ActiveCfg = Debug|Any CPU
		{915C2FD5-F044-4AE9-BBD1-8AEDEC9462AF}.Debug|Any CPU.Build.0 = Debug|Any CPU
		{915C2FD5-F044-4AE9-BBD1-8AEDEC9462AF}.Debug|Mixed Platforms.ActiveCfg = Debug|Any CPU
		{915C2FD5-F044-4AE9-BBD1-8AEDEC9462AF}.Debug|Mixed Platforms.Build.0 = Debug|Any CPU
		{915C2FD5-F044-4AE9-BBD1-8AEDEC9462AF}.Debug|x64.ActiveCfg = Debug|x64
		{915C2FD5-F044-4AE9-BBD1-8AEDEC9462AF}.Debug|x86.ActiveCfg = Debug|x86
		{915C2FD5-F044-4AE9-BBD1-8AEDEC9462AF}.Debug|x86.Build.0 = Debug|x86
		{915C2FD5-F044-4AE9-BBD1-8AEDEC9462AF}.Release|Any CPU.ActiveCfg = Release|x64
		{915C2FD5-F044-4AE9-BBD1-8AEDEC9462AF}.Release|Mixed Platforms.ActiveCfg = Release|Any CPU
		{915C2FD5-F044-4AE9-BBD1-8AEDEC9462AF}.Release|Mixed Platforms.Build.0 = Release|Any CPU
		{915C2FD5-F044-4AE9-BBD1-8AEDEC9462AF}.Release|x64.ActiveCfg = Release|x86
		{915C2FD5-F044-4AE9-BBD1-8AEDEC9462AF}.Release|x86.ActiveCfg = Release|x86
		{915C2FD5-F044-4AE9-BBD1-8AEDEC9462AF}.Release|x86.Build.0 = Release|x86
		{3374FCE4-CAE8-47B3-AEB7-78CBB1612DA6}.Debug|Any CPU.ActiveCfg = Debug|Any CPU
		{3374FCE4-CAE8-47B3-AEB7-78CBB1612DA6}.Debug|Any CPU.Build.0 = Debug|Any CPU
		{3374FCE4-CAE8-47B3-AEB7-78CBB1612DA6}.Debug|Mixed Platforms.ActiveCfg = Debug|Any CPU
		{3374FCE4-CAE8-47B3-AEB7-78CBB1612DA6}.Debug|Mixed Platforms.Build.0 = Debug|Any CPU
		{3374FCE4-CAE8-47B3-AEB7-78CBB1612DA6}.Debug|x64.ActiveCfg = Debug|x64
		{3374FCE4-CAE8-47B3-AEB7-78CBB1612DA6}.Debug|x64.Build.0 = Debug|x64
		{3374FCE4-CAE8-47B3-AEB7-78CBB1612DA6}.Debug|x86.ActiveCfg = Debug|x86
		{3374FCE4-CAE8-47B3-AEB7-78CBB1612DA6}.Debug|x86.Build.0 = Debug|x86
		{3374FCE4-CAE8-47B3-AEB7-78CBB1612DA6}.Release|Any CPU.ActiveCfg = Release|Any CPU
		{3374FCE4-CAE8-47B3-AEB7-78CBB1612DA6}.Release|Any CPU.Build.0 = Release|Any CPU
		{3374FCE4-CAE8-47B3-AEB7-78CBB1612DA6}.Release|Mixed Platforms.ActiveCfg = Release|x64
		{3374FCE4-CAE8-47B3-AEB7-78CBB1612DA6}.Release|Mixed Platforms.Build.0 = Release|x64
		{3374FCE4-CAE8-47B3-AEB7-78CBB1612DA6}.Release|x64.ActiveCfg = Release|Any CPU
		{3374FCE4-CAE8-47B3-AEB7-78CBB1612DA6}.Release|x86.ActiveCfg = Release|Any CPU
		{68E27671-A7E0-4528-BB39-36790BDF345C}.Debug|Any CPU.ActiveCfg = Debug|Any CPU
		{68E27671-A7E0-4528-BB39-36790BDF345C}.Debug|Any CPU.Build.0 = Debug|Any CPU
		{68E27671-A7E0-4528-BB39-36790BDF345C}.Debug|Mixed Platforms.ActiveCfg = Debug|Any CPU
		{68E27671-A7E0-4528-BB39-36790BDF345C}.Debug|Mixed Platforms.Build.0 = Debug|Any CPU
		{68E27671-A7E0-4528-BB39-36790BDF345C}.Debug|x64.ActiveCfg = Debug|x64
		{68E27671-A7E0-4528-BB39-36790BDF345C}.Debug|x64.Build.0 = Debug|x64
		{68E27671-A7E0-4528-BB39-36790BDF345C}.Debug|x86.ActiveCfg = Debug|x86
		{68E27671-A7E0-4528-BB39-36790BDF345C}.Debug|x86.Build.0 = Debug|x86
		{68E27671-A7E0-4528-BB39-36790BDF345C}.Release|Any CPU.ActiveCfg = Release|Any CPU
		{68E27671-A7E0-4528-BB39-36790BDF345C}.Release|Any CPU.Build.0 = Release|Any CPU
		{68E27671-A7E0-4528-BB39-36790BDF345C}.Release|Mixed Platforms.ActiveCfg = Release|x64
		{68E27671-A7E0-4528-BB39-36790BDF345C}.Release|Mixed Platforms.Build.0 = Release|x64
		{68E27671-A7E0-4528-BB39-36790BDF345C}.Release|x64.ActiveCfg = Release|Any CPU
		{68E27671-A7E0-4528-BB39-36790BDF345C}.Release|x86.ActiveCfg = Release|Any CPU
		{99DB08AE-EED9-476C-8E2C-F97108ECEF39}.Debug|Any CPU.ActiveCfg = Debug|Any CPU
		{99DB08AE-EED9-476C-8E2C-F97108ECEF39}.Debug|Any CPU.Build.0 = Debug|Any CPU
		{99DB08AE-EED9-476C-8E2C-F97108ECEF39}.Debug|Mixed Platforms.ActiveCfg = Debug|Any CPU
		{99DB08AE-EED9-476C-8E2C-F97108ECEF39}.Debug|Mixed Platforms.Build.0 = Debug|Any CPU
		{99DB08AE-EED9-476C-8E2C-F97108ECEF39}.Debug|x64.ActiveCfg = Debug|x64
		{99DB08AE-EED9-476C-8E2C-F97108ECEF39}.Debug|x64.Build.0 = Debug|x64
		{99DB08AE-EED9-476C-8E2C-F97108ECEF39}.Debug|x86.ActiveCfg = Debug|x86
		{99DB08AE-EED9-476C-8E2C-F97108ECEF39}.Debug|x86.Build.0 = Debug|x86
		{99DB08AE-EED9-476C-8E2C-F97108ECEF39}.Release|Any CPU.ActiveCfg = Release|Any CPU
		{99DB08AE-EED9-476C-8E2C-F97108ECEF39}.Release|Any CPU.Build.0 = Release|Any CPU
		{99DB08AE-EED9-476C-8E2C-F97108ECEF39}.Release|Mixed Platforms.ActiveCfg = Release|x64
		{99DB08AE-EED9-476C-8E2C-F97108ECEF39}.Release|Mixed Platforms.Build.0 = Release|x64
		{99DB08AE-EED9-476C-8E2C-F97108ECEF39}.Release|x64.ActiveCfg = Release|Any CPU
		{99DB08AE-EED9-476C-8E2C-F97108ECEF39}.Release|x86.ActiveCfg = Release|Any CPU
		{EB1C9041-5BC0-4728-B9BD-996E740ADC48}.Debug|Any CPU.ActiveCfg = Debug|Any CPU
		{EB1C9041-5BC0-4728-B9BD-996E740ADC48}.Debug|Any CPU.Build.0 = Debug|Any CPU
		{EB1C9041-5BC0-4728-B9BD-996E740ADC48}.Debug|Mixed Platforms.ActiveCfg = Debug|Any CPU
		{EB1C9041-5BC0-4728-B9BD-996E740ADC48}.Debug|Mixed Platforms.Build.0 = Debug|Any CPU
		{EB1C9041-5BC0-4728-B9BD-996E740ADC48}.Debug|x64.ActiveCfg = Debug|x64
		{EB1C9041-5BC0-4728-B9BD-996E740ADC48}.Debug|x64.Build.0 = Debug|x64
		{EB1C9041-5BC0-4728-B9BD-996E740ADC48}.Debug|x86.ActiveCfg = Debug|x86
		{EB1C9041-5BC0-4728-B9BD-996E740ADC48}.Debug|x86.Build.0 = Debug|x86
		{EB1C9041-5BC0-4728-B9BD-996E740ADC48}.Release|Any CPU.ActiveCfg = Release|Any CPU
		{EB1C9041-5BC0-4728-B9BD-996E740ADC48}.Release|Any CPU.Build.0 = Release|Any CPU
		{EB1C9041-5BC0-4728-B9BD-996E740ADC48}.Release|Mixed Platforms.ActiveCfg = Release|x64
		{EB1C9041-5BC0-4728-B9BD-996E740ADC48}.Release|Mixed Platforms.Build.0 = Release|x64
		{EB1C9041-5BC0-4728-B9BD-996E740ADC48}.Release|x64.ActiveCfg = Release|Any CPU
		{EB1C9041-5BC0-4728-B9BD-996E740ADC48}.Release|x86.ActiveCfg = Release|Any CPU
		{D9FB427A-A567-4ED0-B519-482FEF57704D}.Debug|Any CPU.ActiveCfg = Debug
		{D9FB427A-A567-4ED0-B519-482FEF57704D}.Debug|Mixed Platforms.ActiveCfg = Debug
		{D9FB427A-A567-4ED0-B519-482FEF57704D}.Debug|x64.ActiveCfg = Debug
		{D9FB427A-A567-4ED0-B519-482FEF57704D}.Debug|x86.ActiveCfg = Debug
		{D9FB427A-A567-4ED0-B519-482FEF57704D}.Release|Any CPU.ActiveCfg = Release
		{D9FB427A-A567-4ED0-B519-482FEF57704D}.Release|Any CPU.Build.0 = Release
		{D9FB427A-A567-4ED0-B519-482FEF57704D}.Release|Mixed Platforms.ActiveCfg = Release
		{D9FB427A-A567-4ED0-B519-482FEF57704D}.Release|Mixed Platforms.Build.0 = Release
		{D9FB427A-A567-4ED0-B519-482FEF57704D}.Release|x64.ActiveCfg = Release
		{D9FB427A-A567-4ED0-B519-482FEF57704D}.Release|x64.Build.0 = Release
		{D9FB427A-A567-4ED0-B519-482FEF57704D}.Release|x86.ActiveCfg = Release
		{D9FB427A-A567-4ED0-B519-482FEF57704D}.Release|x86.Build.0 = Release
		{D32A2A7B-58D1-4A25-A8D9-F2C4CD0418D9}.Debug|Any CPU.ActiveCfg = Debug|Any CPU
		{D32A2A7B-58D1-4A25-A8D9-F2C4CD0418D9}.Debug|Mixed Platforms.ActiveCfg = Debug|Any CPU
		{D32A2A7B-58D1-4A25-A8D9-F2C4CD0418D9}.Debug|Mixed Platforms.Build.0 = Debug|Any CPU
		{D32A2A7B-58D1-4A25-A8D9-F2C4CD0418D9}.Debug|x64.ActiveCfg = Debug|x64
		{D32A2A7B-58D1-4A25-A8D9-F2C4CD0418D9}.Debug|x64.Build.0 = Debug|x64
		{D32A2A7B-58D1-4A25-A8D9-F2C4CD0418D9}.Debug|x86.ActiveCfg = Debug|x86
		{D32A2A7B-58D1-4A25-A8D9-F2C4CD0418D9}.Debug|x86.Build.0 = Debug|x86
		{D32A2A7B-58D1-4A25-A8D9-F2C4CD0418D9}.Release|Any CPU.ActiveCfg = Release|x64
		{D32A2A7B-58D1-4A25-A8D9-F2C4CD0418D9}.Release|Mixed Platforms.ActiveCfg = Release|Any CPU
		{D32A2A7B-58D1-4A25-A8D9-F2C4CD0418D9}.Release|Mixed Platforms.Build.0 = Release|Any CPU
		{D32A2A7B-58D1-4A25-A8D9-F2C4CD0418D9}.Release|x64.ActiveCfg = Release|x86
		{D32A2A7B-58D1-4A25-A8D9-F2C4CD0418D9}.Release|x86.ActiveCfg = Release|x86
		{D32A2A7B-58D1-4A25-A8D9-F2C4CD0418D9}.Release|x86.Build.0 = Release|x86
		{6C6E1D62-EDC9-467D-8FC6-3B8A25E3356C}.Debug|Any CPU.ActiveCfg = Debug
		{6C6E1D62-EDC9-467D-8FC6-3B8A25E3356C}.Debug|Mixed Platforms.ActiveCfg = Debug
		{6C6E1D62-EDC9-467D-8FC6-3B8A25E3356C}.Debug|x64.ActiveCfg = Debug
		{6C6E1D62-EDC9-467D-8FC6-3B8A25E3356C}.Debug|x86.ActiveCfg = Debug
		{6C6E1D62-EDC9-467D-8FC6-3B8A25E3356C}.Release|Any CPU.ActiveCfg = Release
		{6C6E1D62-EDC9-467D-8FC6-3B8A25E3356C}.Release|Any CPU.Build.0 = Release
		{6C6E1D62-EDC9-467D-8FC6-3B8A25E3356C}.Release|Mixed Platforms.ActiveCfg = Release
		{6C6E1D62-EDC9-467D-8FC6-3B8A25E3356C}.Release|Mixed Platforms.Build.0 = Release
		{6C6E1D62-EDC9-467D-8FC6-3B8A25E3356C}.Release|x64.ActiveCfg = Release
		{6C6E1D62-EDC9-467D-8FC6-3B8A25E3356C}.Release|x86.ActiveCfg = Release
		{A76BD560-BB99-4FA9-BBD2-33633F550704}.Debug|Any CPU.ActiveCfg = Debug|Any CPU
		{A76BD560-BB99-4FA9-BBD2-33633F550704}.Debug|Any CPU.Build.0 = Debug|Any CPU
		{A76BD560-BB99-4FA9-BBD2-33633F550704}.Debug|Mixed Platforms.ActiveCfg = Debug|Any CPU
		{A76BD560-BB99-4FA9-BBD2-33633F550704}.Debug|Mixed Platforms.Build.0 = Debug|Any CPU
		{A76BD560-BB99-4FA9-BBD2-33633F550704}.Debug|x64.ActiveCfg = Debug|x64
		{A76BD560-BB99-4FA9-BBD2-33633F550704}.Debug|x64.Build.0 = Debug|x64
		{A76BD560-BB99-4FA9-BBD2-33633F550704}.Debug|x86.ActiveCfg = Debug|x86
		{A76BD560-BB99-4FA9-BBD2-33633F550704}.Debug|x86.Build.0 = Debug|x86
		{A76BD560-BB99-4FA9-BBD2-33633F550704}.Release|Any CPU.ActiveCfg = Release|Any CPU
		{A76BD560-BB99-4FA9-BBD2-33633F550704}.Release|Any CPU.Build.0 = Release|Any CPU
		{A76BD560-BB99-4FA9-BBD2-33633F550704}.Release|Mixed Platforms.ActiveCfg = Release|x64
		{A76BD560-BB99-4FA9-BBD2-33633F550704}.Release|Mixed Platforms.Build.0 = Release|x64
		{A76BD560-BB99-4FA9-BBD2-33633F550704}.Release|x64.ActiveCfg = Release|Any CPU
		{A76BD560-BB99-4FA9-BBD2-33633F550704}.Release|x86.ActiveCfg = Release|Any CPU
		{E89F3B47-B01B-48A1-B15F-22D52D5E02BE}.Debug|Any CPU.ActiveCfg = Debug|Any CPU
		{E89F3B47-B01B-48A1-B15F-22D52D5E02BE}.Debug|Any CPU.Build.0 = Debug|Any CPU
		{E89F3B47-B01B-48A1-B15F-22D52D5E02BE}.Debug|Mixed Platforms.ActiveCfg = Debug|Any CPU
		{E89F3B47-B01B-48A1-B15F-22D52D5E02BE}.Debug|Mixed Platforms.Build.0 = Debug|Any CPU
		{E89F3B47-B01B-48A1-B15F-22D52D5E02BE}.Debug|x64.ActiveCfg = Debug|x64
		{E89F3B47-B01B-48A1-B15F-22D52D5E02BE}.Debug|x64.Build.0 = Debug|x64
		{E89F3B47-B01B-48A1-B15F-22D52D5E02BE}.Debug|x86.ActiveCfg = Debug|x86
		{E89F3B47-B01B-48A1-B15F-22D52D5E02BE}.Debug|x86.Build.0 = Debug|x86
		{E89F3B47-B01B-48A1-B15F-22D52D5E02BE}.Release|Any CPU.ActiveCfg = Release|Any CPU
		{E89F3B47-B01B-48A1-B15F-22D52D5E02BE}.Release|Any CPU.Build.0 = Release|Any CPU
		{E89F3B47-B01B-48A1-B15F-22D52D5E02BE}.Release|Mixed Platforms.ActiveCfg = Release|x64
		{E89F3B47-B01B-48A1-B15F-22D52D5E02BE}.Release|Mixed Platforms.Build.0 = Release|x64
		{E89F3B47-B01B-48A1-B15F-22D52D5E02BE}.Release|x64.ActiveCfg = Release|Any CPU
		{E89F3B47-B01B-48A1-B15F-22D52D5E02BE}.Release|x86.ActiveCfg = Release|Any CPU
		{FA2AC258-5543-4E7E-BEF9-C7C6CB86BA6A}.Debug|Any CPU.ActiveCfg = Debug|Any CPU
		{FA2AC258-5543-4E7E-BEF9-C7C6CB86BA6A}.Debug|Any CPU.Build.0 = Debug|Any CPU
		{FA2AC258-5543-4E7E-BEF9-C7C6CB86BA6A}.Debug|Mixed Platforms.ActiveCfg = Debug|Any CPU
		{FA2AC258-5543-4E7E-BEF9-C7C6CB86BA6A}.Debug|Mixed Platforms.Build.0 = Debug|Any CPU
		{FA2AC258-5543-4E7E-BEF9-C7C6CB86BA6A}.Debug|x64.ActiveCfg = Debug|x64
		{FA2AC258-5543-4E7E-BEF9-C7C6CB86BA6A}.Debug|x64.Build.0 = Debug|x64
		{FA2AC258-5543-4E7E-BEF9-C7C6CB86BA6A}.Debug|x86.ActiveCfg = Debug|x86
		{FA2AC258-5543-4E7E-BEF9-C7C6CB86BA6A}.Debug|x86.Build.0 = Debug|x86
		{FA2AC258-5543-4E7E-BEF9-C7C6CB86BA6A}.Release|Any CPU.ActiveCfg = Release|Any CPU
		{FA2AC258-5543-4E7E-BEF9-C7C6CB86BA6A}.Release|Any CPU.Build.0 = Release|Any CPU
		{FA2AC258-5543-4E7E-BEF9-C7C6CB86BA6A}.Release|Mixed Platforms.ActiveCfg = Release|x64
		{FA2AC258-5543-4E7E-BEF9-C7C6CB86BA6A}.Release|Mixed Platforms.Build.0 = Release|x64
		{FA2AC258-5543-4E7E-BEF9-C7C6CB86BA6A}.Release|x64.ActiveCfg = Release|Any CPU
		{FA2AC258-5543-4E7E-BEF9-C7C6CB86BA6A}.Release|x86.ActiveCfg = Release|Any CPU
		{458FE4D1-5894-48BB-B992-80E684ADE93D}.Debug|Any CPU.ActiveCfg = Debug|Any CPU
		{458FE4D1-5894-48BB-B992-80E684ADE93D}.Debug|Any CPU.Build.0 = Debug|Any CPU
		{458FE4D1-5894-48BB-B992-80E684ADE93D}.Debug|Mixed Platforms.ActiveCfg = Debug|Any CPU
		{458FE4D1-5894-48BB-B992-80E684ADE93D}.Debug|Mixed Platforms.Build.0 = Debug|Any CPU
		{458FE4D1-5894-48BB-B992-80E684ADE93D}.Debug|x64.ActiveCfg = Debug|x64
		{458FE4D1-5894-48BB-B992-80E684ADE93D}.Debug|x64.Build.0 = Debug|x64
		{458FE4D1-5894-48BB-B992-80E684ADE93D}.Debug|x86.ActiveCfg = Debug|x86
		{458FE4D1-5894-48BB-B992-80E684ADE93D}.Debug|x86.Build.0 = Debug|x86
		{458FE4D1-5894-48BB-B992-80E684ADE93D}.Release|Any CPU.ActiveCfg = Release|Any CPU
		{458FE4D1-5894-48BB-B992-80E684ADE93D}.Release|Any CPU.Build.0 = Release|Any CPU
		{458FE4D1-5894-48BB-B992-80E684ADE93D}.Release|Mixed Platforms.ActiveCfg = Release|x64
		{458FE4D1-5894-48BB-B992-80E684ADE93D}.Release|Mixed Platforms.Build.0 = Release|x64
		{458FE4D1-5894-48BB-B992-80E684ADE93D}.Release|x64.ActiveCfg = Release|Any CPU
		{458FE4D1-5894-48BB-B992-80E684ADE93D}.Release|x86.ActiveCfg = Release|Any CPU
		{2FBC1F7A-530C-4288-9841-E4211FCDBC05}.Debug|Any CPU.ActiveCfg = Debug|Any CPU
		{2FBC1F7A-530C-4288-9841-E4211FCDBC05}.Debug|Any CPU.Build.0 = Debug|Any CPU
		{2FBC1F7A-530C-4288-9841-E4211FCDBC05}.Debug|Mixed Platforms.ActiveCfg = Debug|Any CPU
		{2FBC1F7A-530C-4288-9841-E4211FCDBC05}.Debug|Mixed Platforms.Build.0 = Debug|Any CPU
		{2FBC1F7A-530C-4288-9841-E4211FCDBC05}.Debug|x64.ActiveCfg = Debug|x64
		{2FBC1F7A-530C-4288-9841-E4211FCDBC05}.Debug|x64.Build.0 = Debug|x64
		{2FBC1F7A-530C-4288-9841-E4211FCDBC05}.Debug|x86.ActiveCfg = Debug|x86
		{2FBC1F7A-530C-4288-9841-E4211FCDBC05}.Debug|x86.Build.0 = Debug|x86
		{2FBC1F7A-530C-4288-9841-E4211FCDBC05}.Release|Any CPU.ActiveCfg = Release|Any CPU
		{2FBC1F7A-530C-4288-9841-E4211FCDBC05}.Release|Any CPU.Build.0 = Release|Any CPU
		{2FBC1F7A-530C-4288-9841-E4211FCDBC05}.Release|Mixed Platforms.ActiveCfg = Release|x64
		{2FBC1F7A-530C-4288-9841-E4211FCDBC05}.Release|Mixed Platforms.Build.0 = Release|x64
		{2FBC1F7A-530C-4288-9841-E4211FCDBC05}.Release|x64.ActiveCfg = Release|Any CPU
		{2FBC1F7A-530C-4288-9841-E4211FCDBC05}.Release|x86.ActiveCfg = Release|Any CPU
		{87B5A195-5E31-4B87-8F77-0C86BDAEA766}.Debug|Any CPU.ActiveCfg = Debug|Any CPU
		{87B5A195-5E31-4B87-8F77-0C86BDAEA766}.Debug|Any CPU.Build.0 = Debug|Any CPU
		{87B5A195-5E31-4B87-8F77-0C86BDAEA766}.Debug|Mixed Platforms.ActiveCfg = Debug|Any CPU
		{87B5A195-5E31-4B87-8F77-0C86BDAEA766}.Debug|Mixed Platforms.Build.0 = Debug|Any CPU
		{87B5A195-5E31-4B87-8F77-0C86BDAEA766}.Debug|x64.ActiveCfg = Debug|x64
		{87B5A195-5E31-4B87-8F77-0C86BDAEA766}.Debug|x64.Build.0 = Debug|x64
		{87B5A195-5E31-4B87-8F77-0C86BDAEA766}.Debug|x86.ActiveCfg = Debug|x86
		{87B5A195-5E31-4B87-8F77-0C86BDAEA766}.Debug|x86.Build.0 = Debug|x86
		{87B5A195-5E31-4B87-8F77-0C86BDAEA766}.Release|Any CPU.ActiveCfg = Release|x86
		{87B5A195-5E31-4B87-8F77-0C86BDAEA766}.Release|Mixed Platforms.ActiveCfg = Release|x64
		{87B5A195-5E31-4B87-8F77-0C86BDAEA766}.Release|Mixed Platforms.Build.0 = Release|x64
		{87B5A195-5E31-4B87-8F77-0C86BDAEA766}.Release|x64.ActiveCfg = Release|x86
		{87B5A195-5E31-4B87-8F77-0C86BDAEA766}.Release|x86.ActiveCfg = Release|x86
		{87B5A195-5E31-4B87-8F77-0C86BDAEA766}.Release|x86.Build.0 = Release|x86
		{C4CC8CDB-F72B-468B-8816-686CFF0970A4}.Debug|Any CPU.ActiveCfg = Debug|Any CPU
		{C4CC8CDB-F72B-468B-8816-686CFF0970A4}.Debug|Any CPU.Build.0 = Debug|Any CPU
		{C4CC8CDB-F72B-468B-8816-686CFF0970A4}.Debug|Mixed Platforms.ActiveCfg = Debug|Any CPU
		{C4CC8CDB-F72B-468B-8816-686CFF0970A4}.Debug|x64.ActiveCfg = Debug|x64
		{C4CC8CDB-F72B-468B-8816-686CFF0970A4}.Debug|x86.ActiveCfg = Debug|Any CPU
		{C4CC8CDB-F72B-468B-8816-686CFF0970A4}.Release|Any CPU.ActiveCfg = Release|Any CPU
		{C4CC8CDB-F72B-468B-8816-686CFF0970A4}.Release|Any CPU.Build.0 = Release|Any CPU
		{C4CC8CDB-F72B-468B-8816-686CFF0970A4}.Release|Mixed Platforms.ActiveCfg = Release|x64
		{C4CC8CDB-F72B-468B-8816-686CFF0970A4}.Release|Mixed Platforms.Build.0 = Release|x64
		{C4CC8CDB-F72B-468B-8816-686CFF0970A4}.Release|x64.ActiveCfg = Release|Any CPU
		{C4CC8CDB-F72B-468B-8816-686CFF0970A4}.Release|x86.ActiveCfg = Release|Any CPU
		{DD19E3FC-8EBE-4FE7-8CE8-87C0E6B38CE0}.Debug|Any CPU.ActiveCfg = Debug
		{DD19E3FC-8EBE-4FE7-8CE8-87C0E6B38CE0}.Debug|Mixed Platforms.ActiveCfg = Debug
		{DD19E3FC-8EBE-4FE7-8CE8-87C0E6B38CE0}.Debug|x64.ActiveCfg = Debug
		{DD19E3FC-8EBE-4FE7-8CE8-87C0E6B38CE0}.Debug|x86.ActiveCfg = Debug
		{DD19E3FC-8EBE-4FE7-8CE8-87C0E6B38CE0}.Release|Any CPU.ActiveCfg = Release
		{DD19E3FC-8EBE-4FE7-8CE8-87C0E6B38CE0}.Release|Mixed Platforms.ActiveCfg = Release
		{DD19E3FC-8EBE-4FE7-8CE8-87C0E6B38CE0}.Release|Mixed Platforms.Build.0 = Release
		{DD19E3FC-8EBE-4FE7-8CE8-87C0E6B38CE0}.Release|x64.ActiveCfg = Release
		{DD19E3FC-8EBE-4FE7-8CE8-87C0E6B38CE0}.Release|x86.ActiveCfg = Release
		{A2A8650A-29D0-4432-928C-CC92D947A22F}.Debug|Any CPU.ActiveCfg = Debug
		{A2A8650A-29D0-4432-928C-CC92D947A22F}.Debug|Mixed Platforms.ActiveCfg = Debug
		{A2A8650A-29D0-4432-928C-CC92D947A22F}.Debug|x64.ActiveCfg = Debug
		{A2A8650A-29D0-4432-928C-CC92D947A22F}.Debug|x86.ActiveCfg = Debug
		{A2A8650A-29D0-4432-928C-CC92D947A22F}.Release|Any CPU.ActiveCfg = Release
		{A2A8650A-29D0-4432-928C-CC92D947A22F}.Release|Mixed Platforms.ActiveCfg = Release
		{A2A8650A-29D0-4432-928C-CC92D947A22F}.Release|Mixed Platforms.Build.0 = Release
		{A2A8650A-29D0-4432-928C-CC92D947A22F}.Release|x64.ActiveCfg = Release
		{A2A8650A-29D0-4432-928C-CC92D947A22F}.Release|x86.ActiveCfg = Release
		{65DF5C0A-73A0-4F0B-A932-5BF8FADBC6A2}.Debug|Any CPU.ActiveCfg = Debug|Any CPU
		{65DF5C0A-73A0-4F0B-A932-5BF8FADBC6A2}.Debug|Mixed Platforms.ActiveCfg = Debug|Any CPU
		{65DF5C0A-73A0-4F0B-A932-5BF8FADBC6A2}.Debug|x64.ActiveCfg = Debug|Any CPU
		{65DF5C0A-73A0-4F0B-A932-5BF8FADBC6A2}.Debug|x86.ActiveCfg = Debug|Any CPU
		{65DF5C0A-73A0-4F0B-A932-5BF8FADBC6A2}.Release|Any CPU.ActiveCfg = Release|Any CPU
		{65DF5C0A-73A0-4F0B-A932-5BF8FADBC6A2}.Release|Any CPU.Build.0 = Release|Any CPU
		{65DF5C0A-73A0-4F0B-A932-5BF8FADBC6A2}.Release|Mixed Platforms.ActiveCfg = Release|Any CPU
		{65DF5C0A-73A0-4F0B-A932-5BF8FADBC6A2}.Release|Mixed Platforms.Build.0 = Release|Any CPU
		{65DF5C0A-73A0-4F0B-A932-5BF8FADBC6A2}.Release|x64.ActiveCfg = Release|Any CPU
		{65DF5C0A-73A0-4F0B-A932-5BF8FADBC6A2}.Release|x86.ActiveCfg = Release|Any CPU
		{988B4DE7-7860-436C-B869-E63789FC9367}.Debug|Any CPU.ActiveCfg = Debug|Any CPU
		{988B4DE7-7860-436C-B869-E63789FC9367}.Debug|Any CPU.Build.0 = Debug|Any CPU
		{988B4DE7-7860-436C-B869-E63789FC9367}.Debug|Mixed Platforms.ActiveCfg = Debug|Any CPU
		{988B4DE7-7860-436C-B869-E63789FC9367}.Debug|x64.ActiveCfg = Debug|x64
		{988B4DE7-7860-436C-B869-E63789FC9367}.Debug|x64.Build.0 = Debug|x64
		{988B4DE7-7860-436C-B869-E63789FC9367}.Debug|x86.ActiveCfg = Debug|Any CPU
		{988B4DE7-7860-436C-B869-E63789FC9367}.Debug|x86.Build.0 = Debug|Any CPU
		{988B4DE7-7860-436C-B869-E63789FC9367}.Release|Any CPU.ActiveCfg = Release|Any CPU
		{988B4DE7-7860-436C-B869-E63789FC9367}.Release|Any CPU.Build.0 = Release|Any CPU
		{988B4DE7-7860-436C-B869-E63789FC9367}.Release|Mixed Platforms.ActiveCfg = Release|Any CPU
		{988B4DE7-7860-436C-B869-E63789FC9367}.Release|Mixed Platforms.Build.0 = Release|Any CPU
		{988B4DE7-7860-436C-B869-E63789FC9367}.Release|x64.ActiveCfg = Release|Any CPU
		{988B4DE7-7860-436C-B869-E63789FC9367}.Release|x86.ActiveCfg = Release|Any CPU
		{7AA4AE5E-61FE-4F26-A913-3CBCBCCF0C98}.Debug|Any CPU.ActiveCfg = Debug|Any CPU
		{7AA4AE5E-61FE-4F26-A913-3CBCBCCF0C98}.Debug|Any CPU.Build.0 = Debug|Any CPU
		{7AA4AE5E-61FE-4F26-A913-3CBCBCCF0C98}.Debug|Mixed Platforms.ActiveCfg = Debug|Any CPU
		{7AA4AE5E-61FE-4F26-A913-3CBCBCCF0C98}.Debug|Mixed Platforms.Build.0 = Debug|Any CPU
		{7AA4AE5E-61FE-4F26-A913-3CBCBCCF0C98}.Debug|x64.ActiveCfg = Debug|x64
		{7AA4AE5E-61FE-4F26-A913-3CBCBCCF0C98}.Debug|x64.Build.0 = Debug|x64
		{7AA4AE5E-61FE-4F26-A913-3CBCBCCF0C98}.Debug|x86.ActiveCfg = Debug|x86
		{7AA4AE5E-61FE-4F26-A913-3CBCBCCF0C98}.Debug|x86.Build.0 = Debug|x86
		{7AA4AE5E-61FE-4F26-A913-3CBCBCCF0C98}.Release|Any CPU.ActiveCfg = Release|Any CPU
		{7AA4AE5E-61FE-4F26-A913-3CBCBCCF0C98}.Release|Any CPU.Build.0 = Release|Any CPU
		{7AA4AE5E-61FE-4F26-A913-3CBCBCCF0C98}.Release|Mixed Platforms.ActiveCfg = Release|x86
		{7AA4AE5E-61FE-4F26-A913-3CBCBCCF0C98}.Release|Mixed Platforms.Build.0 = Release|x86
		{7AA4AE5E-61FE-4F26-A913-3CBCBCCF0C98}.Release|x64.ActiveCfg = Release|Any CPU
		{7AA4AE5E-61FE-4F26-A913-3CBCBCCF0C98}.Release|x86.ActiveCfg = Release|Any CPU
		{9C7B6566-1418-4D5C-B61E-1B78166FD211}.Debug|Any CPU.ActiveCfg = Debug|Any CPU
		{9C7B6566-1418-4D5C-B61E-1B78166FD211}.Debug|Any CPU.Build.0 = Debug|Any CPU
		{9C7B6566-1418-4D5C-B61E-1B78166FD211}.Debug|Mixed Platforms.ActiveCfg = Debug|Any CPU
		{9C7B6566-1418-4D5C-B61E-1B78166FD211}.Debug|Mixed Platforms.Build.0 = Debug|Any CPU
		{9C7B6566-1418-4D5C-B61E-1B78166FD211}.Debug|x64.ActiveCfg = Debug|x64
		{9C7B6566-1418-4D5C-B61E-1B78166FD211}.Debug|x64.Build.0 = Debug|x64
		{9C7B6566-1418-4D5C-B61E-1B78166FD211}.Debug|x86.ActiveCfg = Debug|x86
		{9C7B6566-1418-4D5C-B61E-1B78166FD211}.Debug|x86.Build.0 = Debug|x86
		{9C7B6566-1418-4D5C-B61E-1B78166FD211}.Release|Any CPU.ActiveCfg = Release|Any CPU
		{9C7B6566-1418-4D5C-B61E-1B78166FD211}.Release|Any CPU.Build.0 = Release|Any CPU
		{9C7B6566-1418-4D5C-B61E-1B78166FD211}.Release|Mixed Platforms.ActiveCfg = Release|Any CPU
		{9C7B6566-1418-4D5C-B61E-1B78166FD211}.Release|Mixed Platforms.Build.0 = Release|Any CPU
		{9C7B6566-1418-4D5C-B61E-1B78166FD211}.Release|x64.ActiveCfg = Release|Any CPU
		{9C7B6566-1418-4D5C-B61E-1B78166FD211}.Release|x86.ActiveCfg = Release|Any CPU
		{09C6E812-8155-43B1-BADE-67ED2033156D}.Debug|Any CPU.ActiveCfg = Debug|Any CPU
		{09C6E812-8155-43B1-BADE-67ED2033156D}.Debug|Any CPU.Build.0 = Debug|Any CPU
		{09C6E812-8155-43B1-BADE-67ED2033156D}.Debug|Mixed Platforms.ActiveCfg = Debug|Any CPU
		{09C6E812-8155-43B1-BADE-67ED2033156D}.Debug|Mixed Platforms.Build.0 = Debug|Any CPU
		{09C6E812-8155-43B1-BADE-67ED2033156D}.Debug|x64.ActiveCfg = Debug|Any CPU
		{09C6E812-8155-43B1-BADE-67ED2033156D}.Debug|x86.ActiveCfg = Debug|Any CPU
		{09C6E812-8155-43B1-BADE-67ED2033156D}.Release|Any CPU.ActiveCfg = Release|Any CPU
		{09C6E812-8155-43B1-BADE-67ED2033156D}.Release|Any CPU.Build.0 = Release|Any CPU
		{09C6E812-8155-43B1-BADE-67ED2033156D}.Release|Mixed Platforms.ActiveCfg = Release|Any CPU
		{09C6E812-8155-43B1-BADE-67ED2033156D}.Release|Mixed Platforms.Build.0 = Release|Any CPU
		{09C6E812-8155-43B1-BADE-67ED2033156D}.Release|x64.ActiveCfg = Release|Any CPU
		{09C6E812-8155-43B1-BADE-67ED2033156D}.Release|x86.ActiveCfg = Release|Any CPU
		{289CB340-E22A-4E03-83A9-DCF50CE977CA}.Debug|Any CPU.ActiveCfg = Debug|Any CPU
		{289CB340-E22A-4E03-83A9-DCF50CE977CA}.Debug|Any CPU.Build.0 = Debug|Any CPU
		{289CB340-E22A-4E03-83A9-DCF50CE977CA}.Debug|Mixed Platforms.ActiveCfg = Debug|Any CPU
		{289CB340-E22A-4E03-83A9-DCF50CE977CA}.Debug|Mixed Platforms.Build.0 = Debug|Any CPU
		{289CB340-E22A-4E03-83A9-DCF50CE977CA}.Debug|x64.ActiveCfg = Debug|Any CPU
		{289CB340-E22A-4E03-83A9-DCF50CE977CA}.Debug|x86.ActiveCfg = Debug|Any CPU
		{289CB340-E22A-4E03-83A9-DCF50CE977CA}.Release|Any CPU.ActiveCfg = Release|Any CPU
		{289CB340-E22A-4E03-83A9-DCF50CE977CA}.Release|Any CPU.Build.0 = Release|Any CPU
		{289CB340-E22A-4E03-83A9-DCF50CE977CA}.Release|Mixed Platforms.ActiveCfg = Release|Any CPU
		{289CB340-E22A-4E03-83A9-DCF50CE977CA}.Release|Mixed Platforms.Build.0 = Release|Any CPU
		{289CB340-E22A-4E03-83A9-DCF50CE977CA}.Release|x64.ActiveCfg = Release|Any CPU
		{289CB340-E22A-4E03-83A9-DCF50CE977CA}.Release|x86.ActiveCfg = Release|Any CPU
		{67714310-98CB-41A3-9EE6-A59890AE9DAD}.Debug|Any CPU.ActiveCfg = Debug|Any CPU
		{67714310-98CB-41A3-9EE6-A59890AE9DAD}.Debug|Any CPU.Build.0 = Debug|Any CPU
		{67714310-98CB-41A3-9EE6-A59890AE9DAD}.Debug|Mixed Platforms.ActiveCfg = Debug|Any CPU
		{67714310-98CB-41A3-9EE6-A59890AE9DAD}.Debug|Mixed Platforms.Build.0 = Debug|Any CPU
		{67714310-98CB-41A3-9EE6-A59890AE9DAD}.Debug|x64.ActiveCfg = Debug|Any CPU
		{67714310-98CB-41A3-9EE6-A59890AE9DAD}.Debug|x86.ActiveCfg = Debug|Any CPU
		{67714310-98CB-41A3-9EE6-A59890AE9DAD}.Release|Any CPU.ActiveCfg = Release|Any CPU
		{67714310-98CB-41A3-9EE6-A59890AE9DAD}.Release|Any CPU.Build.0 = Release|Any CPU
		{67714310-98CB-41A3-9EE6-A59890AE9DAD}.Release|Mixed Platforms.ActiveCfg = Release|Any CPU
		{67714310-98CB-41A3-9EE6-A59890AE9DAD}.Release|Mixed Platforms.Build.0 = Release|Any CPU
		{67714310-98CB-41A3-9EE6-A59890AE9DAD}.Release|x64.ActiveCfg = Release|Any CPU
		{67714310-98CB-41A3-9EE6-A59890AE9DAD}.Release|x86.ActiveCfg = Release|Any CPU
		{48857044-DD2F-4CA5-807A-B0FD30A987B6}.Debug|Any CPU.ActiveCfg = Debug|Any CPU
		{48857044-DD2F-4CA5-807A-B0FD30A987B6}.Debug|Any CPU.Build.0 = Debug|Any CPU
		{48857044-DD2F-4CA5-807A-B0FD30A987B6}.Debug|Mixed Platforms.ActiveCfg = Debug|Any CPU
		{48857044-DD2F-4CA5-807A-B0FD30A987B6}.Debug|Mixed Platforms.Build.0 = Debug|Any CPU
		{48857044-DD2F-4CA5-807A-B0FD30A987B6}.Debug|x64.ActiveCfg = Debug|Any CPU
		{48857044-DD2F-4CA5-807A-B0FD30A987B6}.Debug|x86.ActiveCfg = Debug|x86
		{48857044-DD2F-4CA5-807A-B0FD30A987B6}.Debug|x86.Build.0 = Debug|x86
		{48857044-DD2F-4CA5-807A-B0FD30A987B6}.Release|Any CPU.ActiveCfg = Release|Any CPU
		{48857044-DD2F-4CA5-807A-B0FD30A987B6}.Release|Any CPU.Build.0 = Release|Any CPU
		{48857044-DD2F-4CA5-807A-B0FD30A987B6}.Release|Mixed Platforms.ActiveCfg = Release|Any CPU
		{48857044-DD2F-4CA5-807A-B0FD30A987B6}.Release|Mixed Platforms.Build.0 = Release|Any CPU
		{48857044-DD2F-4CA5-807A-B0FD30A987B6}.Release|x64.ActiveCfg = Release|Any CPU
		{48857044-DD2F-4CA5-807A-B0FD30A987B6}.Release|x86.ActiveCfg = Release|Any CPU
		{A64C66D3-2130-49A4-BBC4-1F7F08B9FD4F}.Debug|Any CPU.ActiveCfg = Debug|Any CPU
		{A64C66D3-2130-49A4-BBC4-1F7F08B9FD4F}.Debug|Any CPU.Build.0 = Debug|Any CPU
		{A64C66D3-2130-49A4-BBC4-1F7F08B9FD4F}.Debug|Mixed Platforms.ActiveCfg = Debug|Any CPU
		{A64C66D3-2130-49A4-BBC4-1F7F08B9FD4F}.Debug|Mixed Platforms.Build.0 = Debug|Any CPU
		{A64C66D3-2130-49A4-BBC4-1F7F08B9FD4F}.Debug|x64.ActiveCfg = Debug|Any CPU
		{A64C66D3-2130-49A4-BBC4-1F7F08B9FD4F}.Debug|x86.ActiveCfg = Debug|x86
		{A64C66D3-2130-49A4-BBC4-1F7F08B9FD4F}.Debug|x86.Build.0 = Debug|x86
		{A64C66D3-2130-49A4-BBC4-1F7F08B9FD4F}.Release|Any CPU.ActiveCfg = Release|Any CPU
		{A64C66D3-2130-49A4-BBC4-1F7F08B9FD4F}.Release|Any CPU.Build.0 = Release|Any CPU
		{A64C66D3-2130-49A4-BBC4-1F7F08B9FD4F}.Release|Mixed Platforms.ActiveCfg = Release|Any CPU
		{A64C66D3-2130-49A4-BBC4-1F7F08B9FD4F}.Release|Mixed Platforms.Build.0 = Release|Any CPU
		{A64C66D3-2130-49A4-BBC4-1F7F08B9FD4F}.Release|x64.ActiveCfg = Release|Any CPU
		{A64C66D3-2130-49A4-BBC4-1F7F08B9FD4F}.Release|x86.ActiveCfg = Release|Any CPU
	EndGlobalSection
	GlobalSection(SolutionProperties) = preSolution
		HideSolutionNode = FALSE
	EndGlobalSection
EndGlobal
